
Microsoft Visual Studio Solution File, Format Version 12.00
# Visual Studio 15
VisualStudioVersion = 15.0.27130.2024
MinimumVisualStudioVersion = 10.0.40219.1
Project("{FAE04EC0-301F-11D3-BF4B-00C04F79EFBC}") = "Get Your TA", "Get Your TA\Get Your TA.csproj", "{313329C7-5C4F-4513-AAE1-E544195446D0}"
EndProject
Global
	GlobalSection(SolutionConfigurationPlatforms) = preSolution
		Debug|Any CPU = Debug|Any CPU
		Release|Any CPU = Release|Any CPU
	EndGlobalSection
	GlobalSection(ProjectConfigurationPlatforms) = postSolution
		{313329C7-5C4F-4513-AAE1-E544195446D0}.Debug|Any CPU.ActiveCfg = Debug|Any CPU
		{313329C7-5C4F-4513-AAE1-E544195446D0}.Debug|Any CPU.Build.0 = Debug|Any CPU
		{313329C7-5C4F-4513-AAE1-E544195446D0}.Release|Any CPU.ActiveCfg = Release|Any CPU
		{313329C7-5C4F-4513-AAE1-E544195446D0}.Release|Any CPU.Build.0 = Release|Any CPU
	EndGlobalSection
	GlobalSection(SolutionProperties) = preSolution
		HideSolutionNode = FALSE
	EndGlobalSection
	GlobalSection(ExtensibilityGlobals) = postSolution
		SolutionGuid = {AB339726-3B76-474B-A724-B3CF13514A36}
	EndGlobalSection
EndGlobal
